
Microsoft Visual Studio Solution File, Format Version 12.00
# Visual Studio Version 17
VisualStudioVersion = 17.8.34330.188
MinimumVisualStudioVersion = 10.0.40219.1
Project("{9A19103F-16F7-4668-BE54-9A1E7A4F7556}") = "konsolowa", "konsolowa\konsolowa.csproj", "{15561756-2F11-47C8-B027-80C5F5B8AEBC}"
EndProject
Project("{FAE04EC0-301F-11D3-BF4B-00C04F79EFBC}") = "TestWczytywaniaZPliku", "TestWczytywaniaZPliku\TestWczytywaniaZPliku.csproj", "{0D6B6E9C-EC5A-407D-BFA4-D62E506F658D}"
EndProject
Global
	GlobalSection(SolutionConfigurationPlatforms) = preSolution
		Debug|Any CPU = Debug|Any CPU
		Release|Any CPU = Release|Any CPU
	EndGlobalSection
	GlobalSection(ProjectConfigurationPlatforms) = postSolution
		{15561756-2F11-47C8-B027-80C5F5B8AEBC}.Debug|Any CPU.ActiveCfg = Debug|Any CPU
		{15561756-2F11-47C8-B027-80C5F5B8AEBC}.Debug|Any CPU.Build.0 = Debug|Any CPU
		{15561756-2F11-47C8-B027-80C5F5B8AEBC}.Release|Any CPU.ActiveCfg = Release|Any CPU
		{15561756-2F11-47C8-B027-80C5F5B8AEBC}.Release|Any CPU.Build.0 = Release|Any CPU
		{0D6B6E9C-EC5A-407D-BFA4-D62E506F658D}.Debug|Any CPU.ActiveCfg = Debug|Any CPU
		{0D6B6E9C-EC5A-407D-BFA4-D62E506F658D}.Debug|Any CPU.Build.0 = Debug|Any CPU
		{0D6B6E9C-EC5A-407D-BFA4-D62E506F658D}.Release|Any CPU.ActiveCfg = Release|Any CPU
		{0D6B6E9C-EC5A-407D-BFA4-D62E506F658D}.Release|Any CPU.Build.0 = Release|Any CPU
	EndGlobalSection
	GlobalSection(SolutionProperties) = preSolution
		HideSolutionNode = FALSE
	EndGlobalSection
	GlobalSection(ExtensibilityGlobals) = postSolution
		SolutionGuid = {0EEEE053-E46B-455B-81FF-701A2EB266FB}
	EndGlobalSection
EndGlobal
